
Microsoft Visual Studio Solution File, Format Version 12.00
# Visual Studio Version 16
VisualStudioVersion = 16.0.34114.132
MinimumVisualStudioVersion = 10.0.40219.1
Project("{FAE04EC0-301F-11D3-BF4B-00C04F79EFBC}") = "WebApplication", "WebApplication\WebApplication.csproj", "{4D5F66EB-D0CA-458E-9C3C-0A1141D7D3E3}"
EndProject
Project("{FAE04EC0-301F-11D3-BF4B-00C04F79EFBC}") = "Servicio", "..\Servicio\Servicio.csproj", "{0634D919-265F-4F88-BCE6-40A5BF25FC34}"
EndProject
Project("{FAE04EC0-301F-11D3-BF4B-00C04F79EFBC}") = "Datos", "Datos\Datos.csproj", "{9E5DA0AE-259F-43B3-B337-21155EDF1E6A}"
EndProject
Global
	GlobalSection(SolutionConfigurationPlatforms) = preSolution
		Debug|Any CPU = Debug|Any CPU
		Release|Any CPU = Release|Any CPU
	EndGlobalSection
	GlobalSection(ProjectConfigurationPlatforms) = postSolution
		{4D5F66EB-D0CA-458E-9C3C-0A1141D7D3E3}.Debug|Any CPU.ActiveCfg = Debug|Any CPU
		{4D5F66EB-D0CA-458E-9C3C-0A1141D7D3E3}.Debug|Any CPU.Build.0 = Debug|Any CPU
		{4D5F66EB-D0CA-458E-9C3C-0A1141D7D3E3}.Release|Any CPU.ActiveCfg = Release|Any CPU
		{4D5F66EB-D0CA-458E-9C3C-0A1141D7D3E3}.Release|Any CPU.Build.0 = Release|Any CPU
		{0634D919-265F-4F88-BCE6-40A5BF25FC34}.Debug|Any CPU.ActiveCfg = Debug|Any CPU
		{0634D919-265F-4F88-BCE6-40A5BF25FC34}.Debug|Any CPU.Build.0 = Debug|Any CPU
		{0634D919-265F-4F88-BCE6-40A5BF25FC34}.Release|Any CPU.ActiveCfg = Release|Any CPU
		{0634D919-265F-4F88-BCE6-40A5BF25FC34}.Release|Any CPU.Build.0 = Release|Any CPU
		{9E5DA0AE-259F-43B3-B337-21155EDF1E6A}.Debug|Any CPU.ActiveCfg = Debug|Any CPU
		{9E5DA0AE-259F-43B3-B337-21155EDF1E6A}.Debug|Any CPU.Build.0 = Debug|Any CPU
		{9E5DA0AE-259F-43B3-B337-21155EDF1E6A}.Release|Any CPU.ActiveCfg = Release|Any CPU
		{9E5DA0AE-259F-43B3-B337-21155EDF1E6A}.Release|Any CPU.Build.0 = Release|Any CPU
	EndGlobalSection
	GlobalSection(SolutionProperties) = preSolution
		HideSolutionNode = FALSE
	EndGlobalSection
	GlobalSection(ExtensibilityGlobals) = postSolution
		SolutionGuid = {217AFBFE-0850-4C54-9F04-5C0B05C57133}
	EndGlobalSection
EndGlobal
